
Microsoft Visual Studio Solution File, Format Version 12.00
# Visual Studio Version 17
VisualStudioVersion = 17.11.35327.3
MinimumVisualStudioVersion = 10.0.40219.1
Project("{2150E333-8FDC-42A3-9474-1A3956D46DE8}") = "Utilities", "Utilities", "{E9911871-CFC9-41FB-A7DA-82D57AA1ABB7}"
EndProject
Project("{2150E333-8FDC-42A3-9474-1A3956D46DE8}") = "DbContextSettings", "DbContextSettings", "{FD42ED7B-3AA5-4E0C-B24A-2D8938ACF0E2}"
EndProject
Project("{2150E333-8FDC-42A3-9474-1A3956D46DE8}") = "WorkItemContext", "WorkItemContext", "{202C52AF-E651-45F4-A206-9BBF5C6A26B5}"
EndProject
Project("{2150E333-8FDC-42A3-9474-1A3956D46DE8}") = "Domain", "Domain", "{7E4DD5F6-BE0E-4137-A366-3DC46C2E38AA}"
EndProject
Project("{9A19103F-16F7-4668-BE54-9A1E7A4F7556}") = "WorkItem.Domain", "TaskItemContext\Domain\WorkItem.Domain.csproj", "{09FA49F9-C071-4F6E-A367-115C9EAF6B9B}"
EndProject
Project("{2150E333-8FDC-42A3-9474-1A3956D46DE8}") = "Infrastructures", "Infrastructures", "{1BDFB3DC-DD1D-409F-8754-E1E22D21F3BA}"
EndProject
Project("{9A19103F-16F7-4668-BE54-9A1E7A4F7556}") = "WorkItemContext.Infrastructures", "TaskItemContext\Infrastructures\WorkItemContext.Infrastructures.csproj", "{7A233069-1311-4FC2-922F-05D860B199C5}"
EndProject
Project("{2150E333-8FDC-42A3-9474-1A3956D46DE8}") = "Applications", "Applications", "{FC545CB4-671E-4D44-BCDA-C9EA12FF8834}"
EndProject
Project("{9A19103F-16F7-4668-BE54-9A1E7A4F7556}") = "WorkItem.Application", "TaskItemContext\Applications\WorkItem.Application.csproj", "{E728180A-F624-48B5-8670-834AE8295E40}"
EndProject
Project("{2150E333-8FDC-42A3-9474-1A3956D46DE8}") = "WolverineSettings", "WolverineSettings", "{46C6B5BD-69F0-4728-ABD7-F4BC85E6641E}"
EndProject
Project("{9A19103F-16F7-4668-BE54-9A1E7A4F7556}") = "Utilities.DbContextSettings", "Utilities\DbContextSettings\Utilities.DbContextSettings.csproj", "{5CC90B0F-2EC8-49FF-B706-4359C2211F42}"
EndProject
Project("{9A19103F-16F7-4668-BE54-9A1E7A4F7556}") = "Utilities.WolverineSettings", "Utilities\WolverineSettings\Utilities.WolverineSettings.csproj", "{FEB29B72-3106-436E-BF6C-F6840D693C32}"
EndProject
Project("{2150E333-8FDC-42A3-9474-1A3956D46DE8}") = "MassTransitSettings", "MassTransitSettings", "{38FDF0EA-1CAD-4FC0-BBB5-1673A45CD29E}"
EndProject
Project("{9A19103F-16F7-4668-BE54-9A1E7A4F7556}") = "Utilities.MassTransitSettings", "Utilities\MassTransitSettings\Utilities.MassTransitSettings.csproj", "{BC92298D-C0D7-426C-885E-453EAF730594}"
EndProject
Global
	GlobalSection(SolutionConfigurationPlatforms) = preSolution
		Debug|Any CPU = Debug|Any CPU
		Docker|Any CPU = Docker|Any CPU
		Release|Any CPU = Release|Any CPU
	EndGlobalSection
	GlobalSection(ProjectConfigurationPlatforms) = postSolution
		{09FA49F9-C071-4F6E-A367-115C9EAF6B9B}.Debug|Any CPU.ActiveCfg = Debug|Any CPU
		{09FA49F9-C071-4F6E-A367-115C9EAF6B9B}.Debug|Any CPU.Build.0 = Debug|Any CPU
		{09FA49F9-C071-4F6E-A367-115C9EAF6B9B}.Docker|Any CPU.ActiveCfg = Docker|Any CPU
		{09FA49F9-C071-4F6E-A367-115C9EAF6B9B}.Docker|Any CPU.Build.0 = Docker|Any CPU
		{09FA49F9-C071-4F6E-A367-115C9EAF6B9B}.Release|Any CPU.ActiveCfg = Release|Any CPU
		{09FA49F9-C071-4F6E-A367-115C9EAF6B9B}.Release|Any CPU.Build.0 = Release|Any CPU
		{7A233069-1311-4FC2-922F-05D860B199C5}.Debug|Any CPU.ActiveCfg = Debug|Any CPU
		{7A233069-1311-4FC2-922F-05D860B199C5}.Debug|Any CPU.Build.0 = Debug|Any CPU
		{7A233069-1311-4FC2-922F-05D860B199C5}.Docker|Any CPU.ActiveCfg = Docker|Any CPU
		{7A233069-1311-4FC2-922F-05D860B199C5}.Docker|Any CPU.Build.0 = Docker|Any CPU
		{7A233069-1311-4FC2-922F-05D860B199C5}.Release|Any CPU.ActiveCfg = Release|Any CPU
		{7A233069-1311-4FC2-922F-05D860B199C5}.Release|Any CPU.Build.0 = Release|Any CPU
		{E728180A-F624-48B5-8670-834AE8295E40}.Debug|Any CPU.ActiveCfg = Debug|Any CPU
		{E728180A-F624-48B5-8670-834AE8295E40}.Debug|Any CPU.Build.0 = Debug|Any CPU
		{E728180A-F624-48B5-8670-834AE8295E40}.Docker|Any CPU.ActiveCfg = Docker|Any CPU
		{E728180A-F624-48B5-8670-834AE8295E40}.Docker|Any CPU.Build.0 = Docker|Any CPU
		{E728180A-F624-48B5-8670-834AE8295E40}.Release|Any CPU.ActiveCfg = Release|Any CPU
		{E728180A-F624-48B5-8670-834AE8295E40}.Release|Any CPU.Build.0 = Release|Any CPU
		{5CC90B0F-2EC8-49FF-B706-4359C2211F42}.Debug|Any CPU.ActiveCfg = Debug|Any CPU
		{5CC90B0F-2EC8-49FF-B706-4359C2211F42}.Debug|Any CPU.Build.0 = Debug|Any CPU
		{5CC90B0F-2EC8-49FF-B706-4359C2211F42}.Docker|Any CPU.ActiveCfg = Docker|Any CPU
		{5CC90B0F-2EC8-49FF-B706-4359C2211F42}.Docker|Any CPU.Build.0 = Docker|Any CPU
		{5CC90B0F-2EC8-49FF-B706-4359C2211F42}.Release|Any CPU.ActiveCfg = Release|Any CPU
		{5CC90B0F-2EC8-49FF-B706-4359C2211F42}.Release|Any CPU.Build.0 = Release|Any CPU
		{FEB29B72-3106-436E-BF6C-F6840D693C32}.Debug|Any CPU.ActiveCfg = Debug|Any CPU
		{FEB29B72-3106-436E-BF6C-F6840D693C32}.Debug|Any CPU.Build.0 = Debug|Any CPU
		{FEB29B72-3106-436E-BF6C-F6840D693C32}.Docker|Any CPU.ActiveCfg = Docker|Any CPU
		{FEB29B72-3106-436E-BF6C-F6840D693C32}.Docker|Any CPU.Build.0 = Docker|Any CPU
		{FEB29B72-3106-436E-BF6C-F6840D693C32}.Release|Any CPU.ActiveCfg = Release|Any CPU
		{FEB29B72-3106-436E-BF6C-F6840D693C32}.Release|Any CPU.Build.0 = Release|Any CPU
		{BC92298D-C0D7-426C-885E-453EAF730594}.Debug|Any CPU.ActiveCfg = Debug|Any CPU
		{BC92298D-C0D7-426C-885E-453EAF730594}.Debug|Any CPU.Build.0 = Debug|Any CPU
		{BC92298D-C0D7-426C-885E-453EAF730594}.Docker|Any CPU.ActiveCfg = Docker|Any CPU
		{BC92298D-C0D7-426C-885E-453EAF730594}.Docker|Any CPU.Build.0 = Docker|Any CPU
		{BC92298D-C0D7-426C-885E-453EAF730594}.Release|Any CPU.ActiveCfg = Release|Any CPU
		{BC92298D-C0D7-426C-885E-453EAF730594}.Release|Any CPU.Build.0 = Release|Any CPU
	EndGlobalSection
	GlobalSection(SolutionProperties) = preSolution
		HideSolutionNode = FALSE
	EndGlobalSection
	GlobalSection(NestedProjects) = preSolution
		{FD42ED7B-3AA5-4E0C-B24A-2D8938ACF0E2} = {E9911871-CFC9-41FB-A7DA-82D57AA1ABB7}
		{7E4DD5F6-BE0E-4137-A366-3DC46C2E38AA} = {202C52AF-E651-45F4-A206-9BBF5C6A26B5}
		{09FA49F9-C071-4F6E-A367-115C9EAF6B9B} = {7E4DD5F6-BE0E-4137-A366-3DC46C2E38AA}
		{1BDFB3DC-DD1D-409F-8754-E1E22D21F3BA} = {202C52AF-E651-45F4-A206-9BBF5C6A26B5}
		{7A233069-1311-4FC2-922F-05D860B199C5} = {1BDFB3DC-DD1D-409F-8754-E1E22D21F3BA}
		{FC545CB4-671E-4D44-BCDA-C9EA12FF8834} = {202C52AF-E651-45F4-A206-9BBF5C6A26B5}
		{E728180A-F624-48B5-8670-834AE8295E40} = {FC545CB4-671E-4D44-BCDA-C9EA12FF8834}
		{46C6B5BD-69F0-4728-ABD7-F4BC85E6641E} = {E9911871-CFC9-41FB-A7DA-82D57AA1ABB7}
		{5CC90B0F-2EC8-49FF-B706-4359C2211F42} = {FD42ED7B-3AA5-4E0C-B24A-2D8938ACF0E2}
		{FEB29B72-3106-436E-BF6C-F6840D693C32} = {46C6B5BD-69F0-4728-ABD7-F4BC85E6641E}
		{38FDF0EA-1CAD-4FC0-BBB5-1673A45CD29E} = {E9911871-CFC9-41FB-A7DA-82D57AA1ABB7}
		{BC92298D-C0D7-426C-885E-453EAF730594} = {38FDF0EA-1CAD-4FC0-BBB5-1673A45CD29E}
	EndGlobalSection
	GlobalSection(ExtensibilityGlobals) = postSolution
		SolutionGuid = {E23CD8F6-7321-41DC-AED2-52D43DD8833B}
	EndGlobalSection
EndGlobal
